
Microsoft Visual Studio Solution File, Format Version 12.00
# Visual Studio Version 17
VisualStudioVersion = 17.4.33213.308
MinimumVisualStudioVersion = 10.0.40219.1
Project("{FAE04EC0-301F-11D3-BF4B-00C04F79EFBC}") = "Contacts", "Contacts\Contacts.csproj", "{043621CA-67BD-4894-9FBF-2D0D47EC332D}"
EndProject
Project("{2150E333-8FDC-42A3-9474-1A3956D46DE8}") = "Itens de Solução", "Itens de Solução", "{44A4655A-3C83-48D8-B7F6-F84A1B4C0D98}"
EndProject
Global
	GlobalSection(SolutionConfigurationPlatforms) = preSolution
		Debug|Any CPU = Debug|Any CPU
		Release|Any CPU = Release|Any CPU
	EndGlobalSection
	GlobalSection(ProjectConfigurationPlatforms) = postSolution
		{043621CA-67BD-4894-9FBF-2D0D47EC332D}.Debug|Any CPU.ActiveCfg = Debug|Any CPU
		{043621CA-67BD-4894-9FBF-2D0D47EC332D}.Debug|Any CPU.Build.0 = Debug|Any CPU
		{043621CA-67BD-4894-9FBF-2D0D47EC332D}.Release|Any CPU.ActiveCfg = Release|Any CPU
		{043621CA-67BD-4894-9FBF-2D0D47EC332D}.Release|Any CPU.Build.0 = Release|Any CPU
	EndGlobalSection
	GlobalSection(SolutionProperties) = preSolution
		HideSolutionNode = FALSE
	EndGlobalSection
	GlobalSection(ExtensibilityGlobals) = postSolution
		SolutionGuid = {DC056383-2B84-4771-958A-AF1D0A4456DB}
	EndGlobalSection
EndGlobal
